
Microsoft Visual Studio Solution File, Format Version 12.00
# Visual Studio Version 16
VisualStudioVersion = 16.0.33328.57
MinimumVisualStudioVersion = 10.0.40219.1
Project("{FAE04EC0-301F-11D3-BF4B-00C04F79EFBC}") = "Clase2", "Clase2\Clase2.csproj", "{A44ADED9-7FAC-41C8-9963-255E98CFDC25}"
EndProject
Global
	GlobalSection(SolutionConfigurationPlatforms) = preSolution
		Debug|Any CPU = Debug|Any CPU
		Release|Any CPU = Release|Any CPU
	EndGlobalSection
	GlobalSection(ProjectConfigurationPlatforms) = postSolution
		{A44ADED9-7FAC-41C8-9963-255E98CFDC25}.Debug|Any CPU.ActiveCfg = Debug|Any CPU
		{A44ADED9-7FAC-41C8-9963-255E98CFDC25}.Debug|Any CPU.Build.0 = Debug|Any CPU
		{A44ADED9-7FAC-41C8-9963-255E98CFDC25}.Release|Any CPU.ActiveCfg = Release|Any CPU
		{A44ADED9-7FAC-41C8-9963-255E98CFDC25}.Release|Any CPU.Build.0 = Release|Any CPU
	EndGlobalSection
	GlobalSection(SolutionProperties) = preSolution
		HideSolutionNode = FALSE
	EndGlobalSection
	GlobalSection(ExtensibilityGlobals) = postSolution
		SolutionGuid = {7165D5DE-240F-442B-AEEF-1D273B851756}
	EndGlobalSection
EndGlobal
